// !$*UTF8*$!
{
	archiveVersion = 1;
	classes = {
	};
	objectVersion = 50;
	objects = {

/* Begin PBXBuildFile section */
		A980D11F2535ED2F0016670E /* HorizontalScrollView.m in Sources */ = {isa = PBXBuildFile; fileRef = A980D11E2535ED2F0016670E /* HorizontalScrollView.m */; };
		A9A6C0CA2534723300DC9440 /* MsgMerger.m in Sources */ = {isa = PBXBuildFile; fileRef = A9A6C0C92534723300DC9440 /* MsgMerger.m */; };
		A9BE368225329D71001D7961 /* AppDelegate.m in Sources */ = {isa = PBXBuildFile; fileRef = A9BE368125329D71001D7961 /* AppDelegate.m */; };
		A9BE368525329D71001D7961 /* ViewController.m in Sources */ = {isa = PBXBuildFile; fileRef = A9BE368425329D71001D7961 /* ViewController.m */; };
		A9BE368725329D72001D7961 /* Assets.xcassets in Resources */ = {isa = PBXBuildFile; fileRef = A9BE368625329D72001D7961 /* Assets.xcassets */; };
		A9BE368A25329D72001D7961 /* Main.storyboard in Resources */ = {isa = PBXBuildFile; fileRef = A9BE368825329D72001D7961 /* Main.storyboard */; };
		A9BE368D25329D72001D7961 /* main.m in Sources */ = {isa = PBXBuildFile; fileRef = A9BE368C25329D72001D7961 /* main.m */; };
		A9BE36B825329D9D001D7961 /* LinkSymbol.m in Sources */ = {isa = PBXBuildFile; fileRef = A9BE36B525329D9C001D7961 /* LinkSymbol.m */; };
		A9BE36B925329D9D001D7961 /* OutlineNode.m in Sources */ = {isa = PBXBuildFile; fileRef = A9BE36B725329D9D001D7961 /* OutlineNode.m */; };
/* End PBXBuildFile section */

/* Begin PBXFileReference section */
		A980D11D2535ED2F0016670E /* HorizontalScrollView.h */ = {isa = PBXFileReference; lastKnownFileType = sourcecode.c.h; path = HorizontalScrollView.h; sourceTree = "<group>"; };
		A980D11E2535ED2F0016670E /* HorizontalScrollView.m */ = {isa = PBXFileReference; lastKnownFileType = sourcecode.c.objc; path = HorizontalScrollView.m; sourceTree = "<group>"; };
		A9A6C0C82534723300DC9440 /* MsgMerger.h */ = {isa = PBXFileReference; lastKnownFileType = sourcecode.c.h; path = MsgMerger.h; sourceTree = "<group>"; };
		A9A6C0C92534723300DC9440 /* MsgMerger.m */ = {isa = PBXFileReference; lastKnownFileType = sourcecode.c.objc; path = MsgMerger.m; sourceTree = "<group>"; };
		A9BE367D25329D71001D7961 /* LinkMap.app */ = {isa = PBXFileReference; explicitFileType = wrapper.application; includeInIndex = 0; path = LinkMap.app; sourceTree = BUILT_PRODUCTS_DIR; };
		A9BE368025329D71001D7961 /* AppDelegate.h */ = {isa = PBXFileReference; lastKnownFileType = sourcecode.c.h; path = AppDelegate.h; sourceTree = "<group>"; };
		A9BE368125329D71001D7961 /* AppDelegate.m */ = {isa = PBXFileReference; lastKnownFileType = sourcecode.c.objc; path = AppDelegate.m; sourceTree = "<group>"; };
		A9BE368325329D71001D7961 /* ViewController.h */ = {isa = PBXFileReference; lastKnownFileType = sourcecode.c.h; path = ViewController.h; sourceTree = "<group>"; };
		A9BE368425329D71001D7961 /* ViewController.m */ = {isa = PBXFileReference; lastKnownFileType = sourcecode.c.objc; path = ViewController.m; sourceTree = "<group>"; };
		A9BE368625329D72001D7961 /* Assets.xcassets */ = {isa = PBXFileReference; lastKnownFileType = folder.assetcatalog; path = Assets.xcassets; sourceTree = "<group>"; };
		A9BE368925329D72001D7961 /* Base */ = {isa = PBXFileReference; lastKnownFileType = file.storyboard; name = Base; path = Base.lproj/Main.storyboard; sourceTree = "<group>"; };
		A9BE368B25329D72001D7961 /* Info.plist */ = {isa = PBXFileReference; lastKnownFileType = text.plist.xml; path = Info.plist; sourceTree = "<group>"; };
		A9BE368C25329D72001D7961 /* main.m */ = {isa = PBXFileReference; lastKnownFileType = sourcecode.c.objc; path = main.m; sourceTree = "<group>"; };
		A9BE368E25329D72001D7961 /* LinkMap.entitlements */ = {isa = PBXFileReference; lastKnownFileType = text.plist.entitlements; path = LinkMap.entitlements; sourceTree = "<group>"; };
		A9BE36B425329D9C001D7961 /* OutlineNode.h */ = {isa = PBXFileReference; fileEncoding = 4; lastKnownFileType = sourcecode.c.h; path = OutlineNode.h; sourceTree = "<group>"; };
		A9BE36B525329D9C001D7961 /* LinkSymbol.m */ = {isa = PBXFileReference; fileEncoding = 4; lastKnownFileType = sourcecode.c.objc; path = LinkSymbol.m; sourceTree = "<group>"; };
		A9BE36B625329D9D001D7961 /* LinkSymbol.h */ = {isa = PBXFileReference; fileEncoding = 4; lastKnownFileType = sourcecode.c.h; path = LinkSymbol.h; sourceTree = "<group>"; };
		A9BE36B725329D9D001D7961 /* OutlineNode.m */ = {isa = PBXFileReference; fileEncoding = 4; lastKnownFileType = sourcecode.c.objc; path = OutlineNode.m; sourceTree = "<group>"; };
/* End PBXFileReference section */

/* Begin PBXFrameworksBuildPhase section */
		A9BE367A25329D71001D7961 /* Frameworks */ = {
			isa = PBXFrameworksBuildPhase;
			buildActionMask = 2147483647;
			files = (
			);
			runOnlyForDeploymentPostprocessing = 0;
		};
/* End PBXFrameworksBuildPhase section */

/* Begin PBXGroup section */
		A9BE367425329D71001D7961 = {
			isa = PBXGroup;
			children = (
				A9BE367F25329D71001D7961 /* LinkMap */,
				A9BE367E25329D71001D7961 /* Products */,
			);
			sourceTree = "<group>";
		};
		A9BE367E25329D71001D7961 /* Products */ = {
			isa = PBXGroup;
			children = (
				A9BE367D25329D71001D7961 /* LinkMap.app */,
			);
			name = Products;
			sourceTree = "<group>";
		};
		A9BE367F25329D71001D7961 /* LinkMap */ = {
			isa = PBXGroup;
			children = (
				A9BE36B425329D9C001D7961 /* OutlineNode.h */,
				A9BE36B725329D9D001D7961 /* OutlineNode.m */,
				A9A6C0C82534723300DC9440 /* MsgMerger.h */,
				A9A6C0C92534723300DC9440 /* MsgMerger.m */,
				A9BE36B625329D9D001D7961 /* LinkSymbol.h */,
				A9BE36B525329D9C001D7961 /* LinkSymbol.m */,
				A980D11D2535ED2F0016670E /* HorizontalScrollView.h */,
				A980D11E2535ED2F0016670E /* HorizontalScrollView.m */,
				A9BE368025329D71001D7961 /* AppDelegate.h */,
				A9BE368125329D71001D7961 /* AppDelegate.m */,
				A9BE368325329D71001D7961 /* ViewController.h */,
				A9BE368425329D71001D7961 /* ViewController.m */,
				A9BE368625329D72001D7961 /* Assets.xcassets */,
				A9BE368825329D72001D7961 /* Main.storyboard */,
				A9BE368B25329D72001D7961 /* Info.plist */,
				A9BE368C25329D72001D7961 /* main.m */,
				A9BE368E25329D72001D7961 /* LinkMap.entitlements */,
			);
			path = LinkMap;
			sourceTree = "<group>";
		};
/* End PBXGroup section */

/* Begin PBXNativeTarget section */
		A9BE367C25329D71001D7961 /* LinkMap */ = {
			isa = PBXNativeTarget;
			buildConfigurationList = A9BE36A725329D73001D7961 /* Build configuration list for PBXNativeTarget "LinkMap" */;
			buildPhases = (
				A9BE367925329D71001D7961 /* Sources */,
				A9BE367A25329D71001D7961 /* Frameworks */,
				A9BE367B25329D71001D7961 /* Resources */,
			);
			buildRules = (
			);
			dependencies = (
			);
			name = LinkMap;
			productName = LinkMap;
			productReference = A9BE367D25329D71001D7961 /* LinkMap.app */;
			productType = "com.apple.product-type.application";
		};
/* End PBXNativeTarget section */

/* Begin PBXProject section */
		A9BE367525329D71001D7961 /* Project object */ = {
			isa = PBXProject;
			attributes = {
				LastUpgradeCheck = 1200;
				TargetAttributes = {
					A9BE367C25329D71001D7961 = {
						CreatedOnToolsVersion = 12.0.1;
					};
				};
			};
			buildConfigurationList = A9BE367825329D71001D7961 /* Build configuration list for PBXProject "LinkMap" */;
			compatibilityVersion = "Xcode 9.3";
			developmentRegion = en;
			hasScannedForEncodings = 0;
			knownRegions = (
				en,
				Base,
			);
			mainGroup = A9BE367425329D71001D7961;
			productRefGroup = A9BE367E25329D71001D7961 /* Products */;
			projectDirPath = "";
			projectRoot = "";
			targets = (
				A9BE367C25329D71001D7961 /* LinkMap */,
			);
		};
/* End PBXProject section */

/* Begin PBXResourcesBuildPhase section */
		A9BE367B25329D71001D7961 /* Resources */ = {
			isa = PBXResourcesBuildPhase;
			buildActionMask = 2147483647;
			files = (
				A9BE368725329D72001D7961 /* Assets.xcassets in Resources */,
				A9BE368A25329D72001D7961 /* Main.storyboard in Resources */,
			);
			runOnlyForDeploymentPostprocessing = 0;
		};
/* End PBXResourcesBuildPhase section */

/* Begin PBXSourcesBuildPhase section */
		A9BE367925329D71001D7961 /* Sources */ = {
			isa = PBXSourcesBuildPhase;
			buildActionMask = 2147483647;
			files = (
				A9BE368525329D71001D7961 /* ViewController.m in Sources */,
				A9BE36B925329D9D001D7961 /* OutlineNode.m in Sources */,
				A9BE368D25329D72001D7961 /* main.m in Sources */,
				A9A6C0CA2534723300DC9440 /* MsgMerger.m in Sources */,
				A9BE368225329D71001D7961 /* AppDelegate.m in Sources */,
				A9BE36B825329D9D001D7961 /* LinkSymbol.m in Sources */,
				A980D11F2535ED2F0016670E /* HorizontalScrollView.m in Sources */,
			);
			runOnlyForDeploymentPostprocessing = 0;
		};
/* End PBXSourcesBuildPhase section */

/* Begin PBXVariantGroup section */
		A9BE368825329D72001D7961 /* Main.storyboard */ = {
			isa = PBXVariantGroup;
			children = (
				A9BE368925329D72001D7961 /* Base */,
			);
			name = Main.storyboard;
			sourceTree = "<group>";
		};
/* End PBXVariantGroup section */

/* Begin XCBuildConfiguration section */
		A9BE36A525329D73001D7961 /* Debug */ = {
			isa = XCBuildConfiguration;
			buildSettings = {
				ALWAYS_SEARCH_USER_PATHS = NO;
				CLANG_ANALYZER_NONNULL = YES;
				CLANG_ANALYZER_NUMBER_OBJECT_CONVERSION = YES_AGGRESSIVE;
				CLANG_CXX_LANGUAGE_STANDARD = "gnu++14";
				CLANG_CXX_LIBRARY = "libc++";
				CLANG_ENABLE_MODULES = YES;
				CLANG_ENABLE_OBJC_ARC = YES;
				CLANG_ENABLE_OBJC_WEAK = YES;
				CLANG_WARN_BLOCK_CAPTURE_AUTORELEASING = YES;
				CLANG_WARN_BOOL_CONVERSION = YES;
				CLANG_WARN_COMMA = YES;
				CLANG_WARN_CONSTANT_CONVERSION = YES;
				CLANG_WARN_DEPRECATED_OBJC_IMPLEMENTATIONS = YES;
				CLANG_WARN_DIRECT_OBJC_ISA_USAGE = YES_ERROR;
				CLANG_WARN_DOCUMENTATION_COMMENTS = YES;
				CLANG_WARN_EMPTY_BODY = YES;
				CLANG_WARN_ENUM_CONVERSION = YES;
				CLANG_WARN_INFINITE_RECURSION = YES;
				CLANG_WARN_INT_CONVERSION = YES;
				CLANG_WARN_NON_LITERAL_NULL_CONVERSION = YES;
				CLANG_WARN_OBJC_IMPLICIT_RETAIN_SELF = YES;
				CLANG_WARN_OBJC_LITERAL_CONVERSION = YES;
				CLANG_WARN_OBJC_ROOT_CLASS = YES_ERROR;
				CLANG_WARN_QUOTED_INCLUDE_IN_FRAMEWORK_HEADER = YES;
				CLANG_WARN_RANGE_LOOP_ANALYSIS = YES;
				CLANG_WARN_STRICT_PROTOTYPES = YES;
				CLANG_WARN_SUSPICIOUS_MOVE = YES;
				CLANG_WARN_UNGUARDED_AVAILABILITY = YES_AGGRESSIVE;
				CLANG_WARN_UNREACHABLE_CODE = YES;
				CLANG_WARN__DUPLICATE_METHOD_MATCH = YES;
				COPY_PHASE_STRIP = NO;
				DEBUG_INFORMATION_FORMAT = dwarf;
				ENABLE_STRICT_OBJC_MSGSEND = YES;
				ENABLE_TESTABILITY = YES;
				GCC_C_LANGUAGE_STANDARD = gnu11;
				GCC_DYNAMIC_NO_PIC = NO;
				GCC_NO_COMMON_BLOCKS = YES;
				GCC_OPTIMIZATION_LEVEL = 0;
				GCC_PREPROCESSOR_DEFINITIONS = (
					"DEBUG=1",
					"$(inherited)",
				);
				GCC_WARN_64_TO_32_BIT_CONVERSION = YES;
				GCC_WARN_ABOUT_RETURN_TYPE = YES_ERROR;
				GCC_WARN_UNDECLARED_SELECTOR = YES;
				GCC_WARN_UNINITIALIZED_AUTOS = YES_AGGRESSIVE;
				GCC_WARN_UNUSED_FUNCTION = YES;
				GCC_WARN_UNUSED_VARIABLE = YES;
				MACOSX_DEPLOYMENT_TARGET = 10.10;
				MTL_ENABLE_DEBUG_INFO = INCLUDE_SOURCE;
				MTL_FAST_MATH = YES;
				ONLY_ACTIVE_ARCH = YES;
				SDKROOT = macosx;
			};
			name = Debug;
		};
		A9BE36A625329D73001D7961 /* Release */ = {
			isa = XCBuildConfiguration;
			buildSettings = {
				ALWAYS_SEARCH_USER_PATHS = NO;
				CLANG_ANALYZER_NONNULL = YES;
				CLANG_ANALYZER_NUMBER_OBJECT_CONVERSION = YES_AGGRESSIVE;
				CLANG_CXX_LANGUAGE_STANDARD = "gnu++14";
				CLANG_CXX_LIBRARY = "libc++";
				CLANG_ENABLE_MODULES = YES;
				CLANG_ENABLE_OBJC_ARC = YES;
				CLANG_ENABLE_OBJC_WEAK = YES;
				CLANG_WARN_BLOCK_CAPTURE_AUTORELEASING = YES;
				CLANG_WARN_BOOL_CONVERSION = YES;
				CLANG_WARN_COMMA = YES;
				CLANG_WARN_CONSTANT_CONVERSION = YES;
				CLANG_WARN_DEPRECATED_OBJC_IMPLEMENTATIONS = YES;
				CLANG_WARN_DIRECT_OBJC_ISA_USAGE = YES_ERROR;
				CLANG_WARN_DOCUMENTATION_COMMENTS = YES;
				CLANG_WARN_EMPTY_BODY = YES;
				CLANG_WARN_ENUM_CONVERSION = YES;
				CLANG_WARN_INFINITE_RECURSION = YES;
				CLANG_WARN_INT_CONVERSION = YES;
				CLANG_WARN_NON_LITERAL_NULL_CONVERSION = YES;
				CLANG_WARN_OBJC_IMPLICIT_RETAIN_SELF = YES;
				CLANG_WARN_OBJC_LITERAL_CONVERSION = YES;
				CLANG_WARN_OBJC_ROOT_CLASS = YES_ERROR;
				CLANG_WARN_QUOTED_INCLUDE_IN_FRAMEWORK_HEADER = YES;
				CLANG_WARN_RANGE_LOOP_ANALYSIS = YES;
				CLANG_WARN_STRICT_PROTOTYPES = YES;
				CLANG_WARN_SUSPICIOUS_MOVE = YES;
				CLANG_WARN_UNGUARDED_AVAILABILITY = YES_AGGRESSIVE;
				CLANG_WARN_UNREACHABLE_CODE = YES;
				CLANG_WARN__DUPLICATE_METHOD_MATCH = YES;
				COPY_PHASE_STRIP = NO;
				DEBUG_INFORMATION_FORMAT = "dwarf-with-dsym";
				ENABLE_NS_ASSERTIONS = NO;
				ENABLE_STRICT_OBJC_MSGSEND = YES;
				GCC_C_LANGUAGE_STANDARD = gnu11;
				GCC_NO_COMMON_BLOCKS = YES;
				GCC_WARN_64_TO_32_BIT_CONVERSION = YES;
				GCC_WARN_ABOUT_RETURN_TYPE = YES_ERROR;
				GCC_WARN_UNDECLARED_SELECTOR = YES;
				GCC_WARN_UNINITIALIZED_AUTOS = YES_AGGRESSIVE;
				GCC_WARN_UNUSED_FUNCTION = YES;
				GCC_WARN_UNUSED_VARIABLE = YES;
				MACOSX_DEPLOYMENT_TARGET = 10.10;
				MTL_ENABLE_DEBUG_INFO = NO;
				MTL_FAST_MATH = YES;
				SDKROOT = macosx;
			};
			name = Release;
		};
		A9BE36A825329D73001D7961 /* Debug */ = {
			isa = XCBuildConfiguration;
			buildSettings = {
				ASSETCATALOG_COMPILER_APPICON_NAME = AppIcon;
				ASSETCATALOG_COMPILER_GLOBAL_ACCENT_COLOR_NAME = AccentColor;
				CODE_SIGN_ENTITLEMENTS = LinkMap/LinkMap.entitlements;
				CODE_SIGN_STYLE = Automatic;
				COMBINE_HIDPI_IMAGES = YES;
				INFOPLIST_FILE = LinkMap/Info.plist;
				LD_GENERATE_MAP_FILE = YES;
				LD_MAP_FILE_PATH = "$(TARGET_TEMP_DIR)/$(PRODUCT_NAME)-LinkMap-$(CURRENT_VARIANT)-$(CURRENT_ARCH).txt";
				LD_RUNPATH_SEARCH_PATHS = (
					"$(inherited)",
					"@executable_path/../Frameworks",
				);
				PRODUCT_BUNDLE_IDENTIFIER = com.ylchun.LinkMap;
				PRODUCT_NAME = "$(TARGET_NAME)";
			};
			name = Debug;
		};
		A9BE36A925329D73001D7961 /* Release */ = {
			isa = XCBuildConfiguration;
			buildSettings = {
				ASSETCATALOG_COMPILER_APPICON_NAME = AppIcon;
				ASSETCATALOG_COMPILER_GLOBAL_ACCENT_COLOR_NAME = AccentColor;
				CODE_SIGN_ENTITLEMENTS = LinkMap/LinkMap.entitlements;
				CODE_SIGN_STYLE = Automatic;
				COMBINE_HIDPI_IMAGES = YES;
				INFOPLIST_FILE = LinkMap/Info.plist;
				LD_GENERATE_MAP_FILE = YES;
				LD_RUNPATH_SEARCH_PATHS = (
					"$(inherited)",
					"@executable_path/../Frameworks",
				);
				PRODUCT_BUNDLE_IDENTIFIER = com.ylchun.LinkMap;
				PRODUCT_NAME = "$(TARGET_NAME)";
			};
			name = Release;
		};
/* End XCBuildConfiguration section */

/* Begin XCConfigurationList section */
		A9BE367825329D71001D7961 /* Build configuration list for PBXProject "LinkMap" */ = {
			isa = XCConfigurationList;
			buildConfigurations = (
				A9BE36A525329D73001D7961 /* Debug */,
				A9BE36A625329D73001D7961 /* Release */,
			);
			defaultConfigurationIsVisible = 0;
			defaultConfigurationName = Release;
		};
		A9BE36A725329D73001D7961 /* Build configuration list for PBXNativeTarget "LinkMap" */ = {
			isa = XCConfigurationList;
			buildConfigurations = (
				A9BE36A825329D73001D7961 /* Debug */,
				A9BE36A925329D73001D7961 /* Release */,
			);
			defaultConfigurationIsVisible = 0;
			defaultConfigurationName = Release;
		};
/* End XCConfigurationList section */
	};
	rootObject = A9BE367525329D71001D7961 /* Project object */;
}
